github.com/go-chi/chi/v5 v5.2.1 h1:KOIHODQj58PmL80G2Eak4WdvUzjSJSm0vG72crDCqb8=
github.com/go-chi/chi/v5 v5.2.1/go.mod h1:L2yAIGWB3H+phAw1NxKwWM+7eUH/lU8pOMm5hHcoops=
golang.org/x/crypto v0.40.0 h1:r4x+VvoG5Fm+eJcxMaY8CQM7Lb0l1lsmjGBQ6s8BfKM=
golang.org/x/crypto v0.40.0/go.mod h1:Qr1vMER5WyS2dfPHAlsOj01wgLbsyWtFn/aY+5+ZdxY=
golang.org/x/image v0.28.0 h1:gdem5JW1OLS4FbkWgLO+7ZeFzYtL3xClb97GaUzYMFE=
golang.org/x/image v0.28.0/go.mod h1:GUJYXtnGKEUgggyzh+Vxt+AviiCcyiwpsl8iQ8MvwGY=
